{
  "lockfileVersion": 1,
  "configVersion": 1,
  "workspaces": {
    "": {
      "name": "zed-web-frontend",
      "dependencies": {
        "@monaco-editor/react": "^4.7.0",
        "@xterm/xterm": "^5.5.0",
        "react": "^19.2.3",
        "react-dom": "^19.2.3",
        "zustand": "^5.0.8",
      },
      "devDependencies": {
        "@rsbuild/core": "^1.7.1",
        "@rsbuild/plugin-react": "^1.4.2",
      },
    },
  },
  "packages": {
    "@emnapi/core": ["@emnapi/core@1.10.0", "", { "dependencies": { "@emnapi/wasi-threads": "1.2.1", "tslib": "^2.4.0" } }, "sha512-yq6OkJ4p82CAfPl0u9mQebQHKPJkY7WrIuk205cTYnYe+k2Z8YBh11FrbRG/H6ihirqcacOgl2BIO8oyMQLeXw=="],

    "@emnapi/runtime": ["@emnapi/runtime@1.10.0", "", { "dependencies": { "tslib": "^2.4.0" } }, "sha512-ewvYlk86xUoGI0zQRNq/mC+16R1QeDlKQy21Ki3oSYXNgLb45GV1P6A0M+/s6nyCuNDqe5VpaY84BzXGwVbwFA=="],

    "@emnapi/wasi-threads": ["@emnapi/wasi-threads@1.2.1", "", { "dependencies": { "tslib": "^2.4.0" } }, "sha512-uTII7OYF+/Mes/MrcIOYp5yOtSMLBWSIoLPpcgwipoiKbli6k322tcoFsxoIIxPDqW01SQGAgko4EzZi2BNv2w=="],

    "@module-federation/error-codes": ["@module-federation/error-codes@0.22.0", "", {}, "sha512-xF9SjnEy7vTdx+xekjPCV5cIHOGCkdn3pIxo9vU7gEZMIw0SvAEdsy6Uh17xaCpm8V0FWvR0SZoK9Ik6jGOaug=="],

    "@module-federation/runtime": ["@module-federation/runtime@0.22.0", "", { "dependencies": { "@module-federation/error-codes": "0.22.0", "@module-federation/runtime-core": "0.22.0", "@module-federation/sdk": "0.22.0" } }, "sha512-38g5iPju2tPC3KHMPxRKmy4k4onNp6ypFPS1eKGsNLUkXgHsPMBFqAjDw96iEcjri91BrahG4XcdyKi97xZzlA=="],

    "@module-federation/runtime-core": ["@module-federation/runtime-core@0.22.0", "", { "dependencies": { "@module-federation/error-codes": "0.22.0", "@module-federation/sdk": "0.22.0" } }, "sha512-GR1TcD6/s7zqItfhC87zAp30PqzvceoeDGYTgF3Vx2TXvsfDrhP6Qw9T4vudDQL3uJRne6t7CzdT29YyVxlgIA=="],

    "@module-federation/runtime-tools": ["@module-federation/runtime-tools@0.22.0", "", { "dependencies": { "@module-federation/runtime": "0.22.0", "@module-federation/webpack-bundler-runtime": "0.22.0" } }, "sha512-4ScUJ/aUfEernb+4PbLdhM/c60VHl698Gn1gY21m9vyC1Ucn69fPCA1y2EwcCB7IItseRMoNhdcWQnzt/OPCNA=="],

    "@module-federation/sdk": ["@module-federation/sdk@0.22.0", "", {}, "sha512-x4aFNBKn2KVQRuNVC5A7SnrSCSqyfIWmm1DvubjbO9iKFe7ith5niw8dqSFBekYBg2Fwy+eMg4sEFNVvCAdo6g=="],

    "@module-federation/webpack-bundler-runtime": ["@module-federation/webpack-bundler-runtime@0.22.0", "", { "dependencies": { "@module-federation/runtime": "0.22.0", "@module-federation/sdk": "0.22.0" } }, "sha512-aM8gCqXu+/4wBmJtVeMeeMN5guw3chf+2i6HajKtQv7SJfxV/f4IyNQJUeUQu9HfiAZHjqtMV5Lvq/Lvh8LdyA=="],

    "@monaco-editor/loader": ["@monaco-editor/loader@1.7.0", "", { "dependencies": { "state-local": "^1.0.6" } }, "sha512-gIwR1HrJrrx+vfyOhYmCZ0/JcWqG5kbfG7+d3f/C1LXk2EvzAbHSg3MQ5lO2sMlo9izoAZ04shohfKLVT6crVA=="],

    "@monaco-editor/react": ["@monaco-editor/react@4.7.0", "", { "dependencies": { "@monaco-editor/loader": "^1.5.0" }, "peerDependencies": { "monaco-editor": ">= 0.25.0 < 1", "react": "^16.8.0 || ^17.0.0 || ^18.0.0 || ^19.0.0", "react-dom": "^16.8.0 || ^17.0.0 || ^18.0.0 || ^19.0.0" } }, "sha512-cyzXQCtO47ydzxpQtCGSQGOC8Gk3ZUeBXFAxD+CWXYFo5OqZyZUonFl0DwUlTyAfRHntBfw2p3w4s9R6oe1eCA=="],

    "@napi-rs/wasm-runtime": ["@napi-rs/wasm-runtime@1.0.7", "", { "dependencies": { "@emnapi/core": "^1.5.0", "@emnapi/runtime": "^1.5.0", "@tybys/wasm-util": "^0.10.1" } }, "sha512-SeDnOO0Tk7Okiq6DbXmmBODgOAb9dp9gjlphokTUxmt8U3liIP1ZsozBahH69j/RJv+Rfs6IwUKHTgQYJ/HBAw=="],

    "@rsbuild/core": ["@rsbuild/core@1.7.5", "", { "dependencies": { "@rspack/core": "~1.7.10", "@rspack/lite-tapable": "~1.1.0", "@swc/helpers": "^0.5.20", "core-js": "~3.47.0", "jiti": "^2.6.1" }, "bin": { "rsbuild": "bin/rsbuild.js" } }, "sha512-i37urpoV4y9NSsGiUOuLdoI42KJ5h4gAZ8EG8Ilmsond3bxoAoOCu7YvC+1pJ7p+r16suVPW8cki891ZKHOoXQ=="],

    "@rsbuild/plugin-react": ["@rsbuild/plugin-react@1.4.6", "", { "dependencies": { "@rspack/plugin-react-refresh": "^1.6.1", "react-refresh": "^0.18.0" }, "peerDependencies": { "@rsbuild/core": "^1.0.0 || ^2.0.0-0" }, "optionalPeers": ["@rsbuild/core"] }, "sha512-LAT6xHlEyZKA0VjF/ph5d50iyG+WSmBx+7g98HNZUwb94VeeTMZFB8qVptTkbIRMss3BNKOXmHOu71Lhsh9oEw=="],

    "@rspack/binding": ["@rspack/binding@1.7.11", "", { "optionalDependencies": { "@rspack/binding-darwin-arm64": "1.7.11", "@rspack/binding-darwin-x64": "1.7.11", "@rspack/binding-linux-arm64-gnu": "1.7.11", "@rspack/binding-linux-arm64-musl": "1.7.11", "@rspack/binding-linux-x64-gnu": "1.7.11", "@rspack/binding-linux-x64-musl": "1.7.11", "@rspack/binding-wasm32-wasi": "1.7.11", "@rspack/binding-win32-arm64-msvc": "1.7.11", "@rspack/binding-win32-ia32-msvc": "1.7.11", "@rspack/binding-win32-x64-msvc": "1.7.11" } }, "sha512-2MGdy2s2HimsDT444Bp5XnALzNRxuBNc7y0JzyuqKbHBywd4x2NeXyhWXXoxufaCFu5PBc9Qq9jyfjW2Aeh06Q=="],

    "@rspack/binding-darwin-arm64": ["@rspack/binding-darwin-arm64@1.7.11", "", { "os": "darwin", "cpu": "arm64" }, "sha512-oduECiZVqbO5zlVw+q7Vy65sJFth99fWPTyucwvLJJtJkPL5n17Uiql2cYP6Ijn0pkqtf1SXgK8WjiKLG5bIig=="],

    "@rspack/binding-darwin-x64": ["@rspack/binding-darwin-x64@1.7.11", "", { "os": "darwin", "cpu": "x64" }, "sha512-a1+TtTE9ap6RalgFi7FGIgkJP6O4Vy6ctv+9WGJy53E4kuqHR0RygzaiVxCI/GMc/vBT9vY23hyrpWb3d1vtXA=="],

    "@rspack/binding-linux-arm64-gnu": ["@rspack/binding-linux-arm64-gnu@1.7.11", "", { "os": "linux", "cpu": "arm64" }, "sha512-P0QrGRPbTWu6RKWfN0bDtbnEps3rXH0MWIMreZABoUrVmNQKtXR6e73J3ub6a+di5s2+K0M2LJ9Bh2/H4UsDUA=="],

    "@rspack/binding-linux-arm64-musl": ["@rspack/binding-linux-arm64-musl@1.7.11", "", { "os": "linux", "cpu": "arm64" }, "sha512-6ky7R43VMjWwmx3Yx7Jl7faLBBMAgMDt+/bN35RgwjiPgsIByz65EwytUVuW9rikB43BGHvA/eqlnjLrUzNBqw=="],

    "@rspack/binding-linux-x64-gnu": ["@rspack/binding-linux-x64-gnu@1.7.11", "", { "os": "linux", "cpu": "x64" }, "sha512-cuOJMfCOvb2Wgsry5enXJ3iT1FGUjdPqtGUBVupQlEG4ntSYsQ2PtF4wIDVasR3wdxC5nQbipOrDiN/u6fYsdQ=="],

    "@rspack/binding-linux-x64-musl": ["@rspack/binding-linux-x64-musl@1.7.11", "", { "os": "linux", "cpu": "x64" }, "sha512-CoK37hva4AmHGh3VCsQXmGr40L36m1/AdnN5LEjUX6kx5rEH7/1nEBN6Ii72pejqDVvk9anEROmPDiPw10tpFg=="],

    "@rspack/binding-wasm32-wasi": ["@rspack/binding-wasm32-wasi@1.7.11", "", { "dependencies": { "@napi-rs/wasm-runtime": "1.0.7" }, "cpu": "none" }, "sha512-OtrmnPUVJMxjNa3eDMfHyPdtlLRmmp/aIm0fQHlAOATbZvlGm12q7rhPW5BXTu1yh+1rQ1/uqvz+SzKEZXuJaQ=="],

    "@rspack/binding-win32-arm64-msvc": ["@rspack/binding-win32-arm64-msvc@1.7.11", "", { "os": "win32", "cpu": "arm64" }, "sha512-lObFW6e5lCWNgTBNwT//yiEDbsxm9QG4BYUojqeXxothuzJ/L6ibXz6+gLMvbOvLGV3nKgkXmx8GvT9WDKR0mA=="],

    "@rspack/binding-win32-ia32-msvc": ["@rspack/binding-win32-ia32-msvc@1.7.11", "", { "os": "win32", "cpu": "ia32" }, "sha512-0pYGnZd8PPqNR68zQ8skamqNAXEA1sUfXuAdYcknIIRq2wsbiwFzIc0Pov1cIfHYab37G7sSIPBiOUdOWF5Ivw=="],

    "@rspack/binding-win32-x64-msvc": ["@rspack/binding-win32-x64-msvc@1.7.11", "", { "os": "win32", "cpu": "x64" }, "sha512-EeQXayoQk/uBkI3pdoXfQBXNIUrADq56L3s/DFyM2pJeUDrWmhfIw2UFIGkYPTMSCo8F2JcdcGM32FGJrSnU0Q=="],

    "@rspack/core": ["@rspack/core@1.7.11", "", { "dependencies": { "@module-federation/runtime-tools": "0.22.0", "@rspack/binding": "1.7.11", "@rspack/lite-tapable": "1.1.0" }, "peerDependencies": { "@swc/helpers": ">=0.5.1" }, "optionalPeers": ["@swc/helpers"] }, "sha512-rsD9b+Khmot5DwCMiB3cqTQo53ioPG3M/A7BySu8+0+RS7GCxKm+Z+mtsjtG/vsu4Tn2tcqCdZtA3pgLoJB+ew=="],

    "@rspack/lite-tapable": ["@rspack/lite-tapable@1.1.0", "", {}, "sha512-E2B0JhYFmVAwdDiG14+DW0Di4Ze4Jg10Pc4/lILUrd5DRCaklduz2OvJ5HYQ6G+hd+WTzqQb3QnDNfK4yvAFYw=="],

    "@rspack/plugin-react-refresh": ["@rspack/plugin-react-refresh@1.6.2", "", { "dependencies": { "error-stack-parser": "^2.1.4" }, "peerDependencies": { "react-refresh": ">=0.10.0 <1.0.0", "webpack-hot-middleware": "2.x" }, "optionalPeers": ["webpack-hot-middleware"] }, "sha512-k+/VrfTNgo+KirjI6V+8CWRj6y+DH9jOUWv8JorYY4vKf/9xfnZ8xHzuB4iqCwTtoZl9YnxOaOuoyjJipc2tiQ=="],

    "@swc/helpers": ["@swc/helpers@0.5.21", "", { "dependencies": { "tslib": "^2.8.0" } }, "sha512-jI/VAmtdjB/RnI8GTnokyX7Ug8c+g+ffD6QRLa6XQewtnGyukKkKSk3wLTM3b5cjt1jNh9x0jfVlagdN2gDKQg=="],

    "@tybys/wasm-util": ["@tybys/wasm-util@0.10.1", "", { "dependencies": { "tslib": "^2.4.0" } }, "sha512-9tTaPJLSiejZKx+Bmog4uSubteqTvFrVrURwkmHixBo0G4seD0zUxp98E1DzUBJxLQ3NPwXrGKDiVjwx/DpPsg=="],

    "@types/trusted-types": ["@types/trusted-types@2.0.7", "", {}, "sha512-ScaPdn1dQczgbl0QFTeTOmVHFULt394XJgOQNoyVhZ6r2vLnMLJfBPd53SB52T/3G36VI1/g2MZaX0cwDuXsfw=="],

    "@xterm/xterm": ["@xterm/xterm@5.5.0", "", {}, "sha512-hqJHYaQb5OptNunnyAnkHyM8aCjZ1MEIDTQu1iIbbTD/xops91NB5yq1ZK/dC2JDbVWtF23zUtl9JE2NqwT87A=="],

    "core-js": ["core-js@3.47.0", "", {}, "sha512-c3Q2VVkGAUyupsjRnaNX6u8Dq2vAdzm9iuPj5FW0fRxzlxgq9Q39MDq10IvmQSpLgHQNyQzQmOo6bgGHmH3NNg=="],

    "dompurify": ["dompurify@3.2.7", "", { "optionalDependencies": { "@types/trusted-types": "^2.0.7" } }, "sha512-WhL/YuveyGXJaerVlMYGWhvQswa7myDG17P7Vu65EWC05o8vfeNbvNf4d/BOvH99+ZW+LlQsc1GDKMa1vNK6dw=="],

    "error-stack-parser": ["error-stack-parser@2.1.4", "", { "dependencies": { "stackframe": "^1.3.4" } }, "sha512-Sk5V6wVazPhq5MhpO+AUxJn5x7XSXGl1R93Vn7i+zS15KDVxQijejNCrz8340/2bgLBjR9GtEG8ZVKONDjcqGQ=="],

    "jiti": ["jiti@2.6.1", "", { "bin": { "jiti": "lib/jiti-cli.mjs" } }, "sha512-ekilCSN1jwRvIbgeg/57YFh8qQDNbwDb9xT/qu2DAHbFFZUicIl4ygVaAvzveMhMVr3LnpSKTNnwt8PoOfmKhQ=="],

    "marked": ["marked@14.0.0", "", { "bin": { "marked": "bin/marked.js" } }, "sha512-uIj4+faQ+MgHgwUW1l2PsPglZLOLOT1uErt06dAPtx2kjteLAkbsd/0FiYg/MGS+i7ZKLb7w2WClxHkzOOuryQ=="],

    "monaco-editor": ["monaco-editor@0.55.1", "", { "dependencies": { "dompurify": "3.2.7", "marked": "14.0.0" } }, "sha512-jz4x+TJNFHwHtwuV9vA9rMujcZRb0CEilTEwG2rRSpe/A7Jdkuj8xPKttCgOh+v/lkHy7HsZ64oj+q3xoAFl9A=="],

    "react": ["react@19.2.5", "", {}, "sha512-llUJLzz1zTUBrskt2pwZgLq59AemifIftw4aB7JxOqf1HY2FDaGDxgwpAPVzHU1kdWabH7FauP4i1oEeer2WCA=="],

    "react-dom": ["react-dom@19.2.5", "", { "dependencies": { "scheduler": "^0.27.0" }, "peerDependencies": { "react": "^19.2.5" } }, "sha512-J5bAZz+DXMMwW/wV3xzKke59Af6CHY7G4uYLN1OvBcKEsWOs4pQExj86BBKamxl/Ik5bx9whOrvBlSDfWzgSag=="],

    "react-refresh": ["react-refresh@0.18.0", "", {}, "sha512-QgT5//D3jfjJb6Gsjxv0Slpj23ip+HtOpnNgnb2S5zU3CB26G/IDPGoy4RJB42wzFE46DRsstbW6tKHoKbhAxw=="],

    "scheduler": ["scheduler@0.27.0", "", {}, "sha512-eNv+WrVbKu1f3vbYJT/xtiF5syA5HPIMtf9IgY/nKg0sWqzAUEvqY/xm7OcZc/qafLx/iO9FgOmeSAp4v5ti/Q=="],

    "stackframe": ["stackframe@1.3.4", "", {}, "sha512-oeVtt7eWQS+Na6F//S4kJ2K2VbRlS9D43mAlMyVpVWovy9o+jfgH8O9agzANzaiLjclA0oYzUXEM4PurhSUChw=="],

    "state-local": ["state-local@1.0.7", "", {}, "sha512-HTEHMNieakEnoe33shBYcZ7NX83ACUjCu8c40iOGEZsngj9zRnkqS9j1pqQPXwobB0ZcVTk27REb7COQ0UR59w=="],

    "tslib": ["tslib@2.8.1", "", {}, "sha512-oJFu94HQb+KVduSUQL7wnpmqnfmLsOA/nAh6b6EH0wCEoK0/mPeXU6c3wKDV83MkOuHPRHtSXKKU99IBazS/2w=="],

    "zustand": ["zustand@5.0.12", "", { "peerDependencies": { "@types/react": ">=18.0.0", "immer": ">=9.0.6", "react": ">=18.0.0", "use-sync-external-store": ">=1.2.0" }, "optionalPeers": ["@types/react", "immer", "react", "use-sync-external-store"] }, "sha512-i77ae3aZq4dhMlRhJVCYgMLKuSiZAaUPAct2AksxQ+gOtimhGMdXljRT21P5BNpeT4kXlLIckvkPM029OljD7g=="],
  }
}
